{
  "version": 4,
  "terraform_version": "1.12.0",
  "serial": 6,
  "lineage": "0ec84f80-2450-bc11-fdf6-7ebc78241967",
  "outputs": {},
  "resources": [
    {
      "mode": "managed",
      "type": "azurerm_app_service",
      "name": "backend",
      "provider": "provider[\"registry.terraform.io/hashicorp/azurerm\"]",
      "instances": [
        {
          "schema_version": 0,
          "attributes": {
            "app_service_plan_id": "/subscriptions/5268fa28-abfb-4c12-b60d-d67c69b271d9/resourceGroups/demo-rg/providers/Microsoft.Web/serverFarms/demo-app-service-plan",
            "app_settings": {
              "WEBSITE_NODE_DEFAULT_VERSION": "6.9.1"
            },
            "auth_settings": [
              {
                "active_directory": [],
                "additional_login_params": {},
                "allowed_external_redirect_urls": [],
                "default_provider": "",
                "enabled": false,
                "facebook": [],
                "google": [],
                "issuer": "",
                "microsoft": [],
                "runtime_version": "",
                "token_refresh_extension_hours": 0,
                "token_store_enabled": false,
                "twitter": [],
                "unauthenticated_client_action": ""
              }
            ],
            "backup": [],
            "client_affinity_enabled": false,
            "client_cert_enabled": false,
            "client_cert_mode": "Required",
            "connection_string": [],
            "custom_domain_verification_id": "7DBDCB599A95904025BE5AF19CA229F48401C84EE9AD71DF923167CCA35A76ED",
            "default_site_hostname": "demo-backend-app.azurewebsites.net",
            "enabled": true,
            "https_only": false,
            "id": "/subscriptions/5268fa28-abfb-4c12-b60d-d67c69b271d9/resourceGroups/demo-rg/providers/Microsoft.Web/sites/demo-backend-app",
            "identity": [],
            "key_vault_reference_identity_id": "SystemAssigned",
            "location": "australiaeast",
            "logs": [
              {
                "application_logs": [
                  {
                    "azure_blob_storage": [],
                    "file_system_level": "Off"
                  }
                ],
                "detailed_error_messages_enabled": false,
                "failed_request_tracing_enabled": false,
                "http_logs": [
                  {
                    "azure_blob_storage": [],
                    "file_system": []
                  }
                ]
              }
            ],
            "name": "demo-backend-app",
            "outbound_ip_address_list": [
              "104.210.116.149",
              "104.210.119.165",
              "104.210.114.22",
              "104.210.115.0",
              "40.126.236.22"
            ],
            "outbound_ip_addresses": "104.210.116.149,104.210.119.165,104.210.114.22,104.210.115.0,40.126.236.22",
            "possible_outbound_ip_address_list": [
              "104.210.116.149",
              "104.210.119.165",
              "104.210.114.22",
              "104.210.115.0",
              "4.147.16.109",
              "40.126.255.114",
              "40.126.255.234",
              "13.72.243.67",
              "40.126.255.150",
              "13.72.244.99",
              "20.227.4.134",
              "20.227.4.204",
              "20.227.4.223",
              "20.227.4.236",
              "20.227.4.247",
              "20.227.5.10",
              "20.53.128.244",
              "20.53.129.64",
              "20.53.129.89",
              "20.53.129.111",
              "20.53.129.124",
              "20.53.129.136",
              "40.126.236.22"
            ],
            "possible_outbound_ip_addresses": "104.210.116.149,104.210.119.165,104.210.114.22,104.210.115.0,4.147.16.109,40.126.255.114,40.126.255.234,13.72.243.67,40.126.255.150,13.72.244.99,20.227.4.134,20.227.4.204,20.227.4.223,20.227.4.236,20.227.4.247,20.227.5.10,20.53.128.244,20.53.129.64,20.53.129.89,20.53.129.111,20.53.129.124,20.53.129.136,40.126.236.22",
            "resource_group_name": "demo-rg",
            "site_config": [
              {
                "acr_use_managed_identity_credentials": false,
                "acr_user_managed_identity_client_id": "",
                "always_on": false,
                "app_command_line": "",
                "auto_swap_slot_name": "",
                "cors": [
                  {
                    "allowed_origins": [],
                    "support_credentials": false
                  }
                ],
                "default_documents": null,
                "dotnet_framework_version": "v4.0",
                "ftps_state": "FtpsOnly",
                "health_check_path": "",
                "http2_enabled": false,
                "ip_restriction": [],
                "java_container": "",
                "java_container_version": "",
                "java_version": "",
                "linux_fx_version": "",
                "local_mysql_enabled": false,
                "managed_pipeline_mode": "Integrated",
                "min_tls_version": "1.2",
                "number_of_workers": 1,
                "php_version": "",
                "python_version": "",
                "remote_debugging_enabled": false,
                "remote_debugging_version": "VS2022",
                "scm_ip_restriction": [],
                "scm_type": "None",
                "scm_use_main_ip_restriction": false,
                "use_32_bit_worker_process": false,
                "vnet_route_all_enabled": false,
                "websockets_enabled": false,
                "windows_fx_version": ""
              }
            ],
            "site_credential": [
              {
                "password": "hKg81rxoCrwsM7cZxDmopbqAXr3eEfSwCWc7qCuJewArBY7rRCgJSsHkuunP",
                "username": "$demo-backend-app"
              }
            ],
            "source_control": [
              {
                "branch": "main",
                "manual_integration": false,
                "repo_url": "",
                "rollback_enabled": false,
                "use_mercurial": false
              }
            ],
            "storage_account": [],
            "tags": null,
            "timeouts": null
          },
          "sensitive_attributes": [],
          "identity_schema_version": 0,
          "private": "eyJlMmJmYjczMC1lY2FhLTExZTYtOGY4OC0zNDM2M2JjN2M0YzAiOnsiY3JlYXRlIjoxODAwMDAwMDAwMDAwLCJkZWxldGUiOjE4MDAwMDAwMDAwMDAsInJlYWQiOjMwMDAwMDAwMDAwMCwidXBkYXRlIjoxODAwMDAwMDAwMDAwfX0=",
          "dependencies": [
            "azurerm_app_service_plan.demo_plan",
            "azurerm_resource_group.demo_rg"
          ]
        }
      ]
    },
    {
      "mode": "managed",
      "type": "azurerm_app_service",
      "name": "frontend",
      "provider": "provider[\"registry.terraform.io/hashicorp/azurerm\"]",
      "instances": [
        {
          "schema_version": 0,
          "attributes": {
            "app_service_plan_id": "/subscriptions/5268fa28-abfb-4c12-b60d-d67c69b271d9/resourceGroups/demo-rg/providers/Microsoft.Web/serverFarms/demo-app-service-plan",
            "app_settings": {
              "WEBSITE_NODE_DEFAULT_VERSION": "6.9.1"
            },
            "auth_settings": [
              {
                "active_directory": [],
                "additional_login_params": {},
                "allowed_external_redirect_urls": [],
                "default_provider": "",
                "enabled": false,
                "facebook": [],
                "google": [],
                "issuer": "",
                "microsoft": [],
                "runtime_version": "",
                "token_refresh_extension_hours": 0,
                "token_store_enabled": false,
                "twitter": [],
                "unauthenticated_client_action": ""
              }
            ],
            "backup": [],
            "client_affinity_enabled": false,
            "client_cert_enabled": false,
            "client_cert_mode": "Required",
            "connection_string": [],
            "custom_domain_verification_id": "7DBDCB599A95904025BE5AF19CA229F48401C84EE9AD71DF923167CCA35A76ED",
            "default_site_hostname": "demo-frontend-app.azurewebsites.net",
            "enabled": true,
            "https_only": false,
            "id": "/subscriptions/5268fa28-abfb-4c12-b60d-d67c69b271d9/resourceGroups/demo-rg/providers/Microsoft.Web/sites/demo-frontend-app",
            "identity": [],
            "key_vault_reference_identity_id": "SystemAssigned",
            "location": "australiaeast",
            "logs": [
              {
                "application_logs": [
                  {
                    "azure_blob_storage": [],
                    "file_system_level": "Off"
                  }
                ],
                "detailed_error_messages_enabled": false,
                "failed_request_tracing_enabled": false,
                "http_logs": [
                  {
                    "azure_blob_storage": [],
                    "file_system": []
                  }
                ]
              }
            ],
            "name": "demo-frontend-app",
            "outbound_ip_address_list": [
              "104.210.116.149",
              "104.210.119.165",
              "104.210.114.22",
              "104.210.115.0",
              "40.126.236.22"
            ],
            "outbound_ip_addresses": "104.210.116.149,104.210.119.165,104.210.114.22,104.210.115.0,40.126.236.22",
            "possible_outbound_ip_address_list": [
              "104.210.116.149",
              "104.210.119.165",
              "104.210.114.22",
              "104.210.115.0",
              "4.147.16.109",
              "40.126.255.114",
              "40.126.255.234",
              "13.72.243.67",
              "40.126.255.150",
              "13.72.244.99",
              "20.227.4.134",
              "20.227.4.204",
              "20.227.4.223",
              "20.227.4.236",
              "20.227.4.247",
              "20.227.5.10",
              "20.53.128.244",
              "20.53.129.64",
              "20.53.129.89",
              "20.53.129.111",
              "20.53.129.124",
              "20.53.129.136",
              "40.126.236.22"
            ],
            "possible_outbound_ip_addresses": "104.210.116.149,104.210.119.165,104.210.114.22,104.210.115.0,4.147.16.109,40.126.255.114,40.126.255.234,13.72.243.67,40.126.255.150,13.72.244.99,20.227.4.134,20.227.4.204,20.227.4.223,20.227.4.236,20.227.4.247,20.227.5.10,20.53.128.244,20.53.129.64,20.53.129.89,20.53.129.111,20.53.129.124,20.53.129.136,40.126.236.22",
            "resource_group_name": "demo-rg",
            "site_config": [
              {
                "acr_use_managed_identity_credentials": false,
                "acr_user_managed_identity_client_id": "",
                "always_on": false,
                "app_command_line": "",
                "auto_swap_slot_name": "",
                "cors": [
                  {
                    "allowed_origins": [],
                    "support_credentials": false
                  }
                ],
                "default_documents": null,
                "dotnet_framework_version": "v4.0",
                "ftps_state": "FtpsOnly",
                "health_check_path": "",
                "http2_enabled": false,
                "ip_restriction": [],
                "java_container": "",
                "java_container_version": "",
                "java_version": "",
                "linux_fx_version": "",
                "local_mysql_enabled": false,
                "managed_pipeline_mode": "Integrated",
                "min_tls_version": "1.2",
                "number_of_workers": 1,
                "php_version": "",
                "python_version": "",
                "remote_debugging_enabled": false,
                "remote_debugging_version": "VS2022",
                "scm_ip_restriction": [],
                "scm_type": "None",
                "scm_use_main_ip_restriction": false,
                "use_32_bit_worker_process": false,
                "vnet_route_all_enabled": false,
                "websockets_enabled": false,
                "windows_fx_version": ""
              }
            ],
            "site_credential": [
              {
                "password": "efBqpQhfoPmhbW9xX5tMjvHq2arTJ55A3F0oq1EoCrivlkJjXtRYKkX42cWG",
                "username": "$demo-frontend-app"
              }
            ],
            "source_control": [
              {
                "branch": "main",
                "manual_integration": false,
                "repo_url": "",
                "rollback_enabled": false,
                "use_mercurial": false
              }
            ],
            "storage_account": [],
            "tags": null,
            "timeouts": null
          },
          "sensitive_attributes": [],
          "identity_schema_version": 0,
          "private": "eyJlMmJmYjczMC1lY2FhLTExZTYtOGY4OC0zNDM2M2JjN2M0YzAiOnsiY3JlYXRlIjoxODAwMDAwMDAwMDAwLCJkZWxldGUiOjE4MDAwMDAwMDAwMDAsInJlYWQiOjMwMDAwMDAwMDAwMCwidXBkYXRlIjoxODAwMDAwMDAwMDAwfX0=",
          "dependencies": [
            "azurerm_app_service_plan.demo_plan",
            "azurerm_resource_group.demo_rg"
          ]
        }
      ]
    },
    {
      "mode": "managed",
      "type": "azurerm_app_service_plan",
      "name": "demo_plan",
      "provider": "provider[\"registry.terraform.io/hashicorp/azurerm\"]",
      "instances": [
        {
          "schema_version": 1,
          "attributes": {
            "app_service_environment_id": "",
            "id": "/subscriptions/5268fa28-abfb-4c12-b60d-d67c69b271d9/resourceGroups/demo-rg/providers/Microsoft.Web/serverFarms/demo-app-service-plan",
            "is_xenon": false,
            "kind": "Windows",
            "location": "australiaeast",
            "maximum_elastic_worker_count": 1,
            "maximum_number_of_workers": 10,
            "name": "demo-app-service-plan",
            "per_site_scaling": false,
            "reserved": false,
            "resource_group_name": "demo-rg",
            "sku": [
              {
                "capacity": 1,
                "size": "S1",
                "tier": "Standard"
              }
            ],
            "tags": null,
            "timeouts": null,
            "zone_redundant": false
          },
          "sensitive_attributes": [],
          "identity_schema_version": 0,
          "private": "eyJlMmJmYjczMC1lY2FhLTExZTYtOGY4OC0zNDM2M2JjN2M0YzAiOnsiY3JlYXRlIjozNjAwMDAwMDAwMDAwLCJkZWxldGUiOjM2MDAwMDAwMDAwMDAsInJlYWQiOjMwMDAwMDAwMDAwMCwidXBkYXRlIjozNjAwMDAwMDAwMDAwfSwic2NoZW1hX3ZlcnNpb24iOiIxIn0=",
          "dependencies": [
            "azurerm_resource_group.demo_rg"
          ]
        }
      ]
    },
    {
      "mode": "managed",
      "type": "azurerm_resource_group",
      "name": "demo_rg",
      "provider": "provider[\"registry.terraform.io/hashicorp/azurerm\"]",
      "instances": [
        {
          "schema_version": 0,
          "attributes": {
            "id": "/subscriptions/5268fa28-abfb-4c12-b60d-d67c69b271d9/resourceGroups/demo-rg",
            "location": "australiaeast",
            "managed_by": "",
            "name": "demo-rg",
            "tags": null,
            "timeouts": null
          },
          "sensitive_attributes": [],
          "identity_schema_version": 0,
          "private": "eyJlMmJmYjczMC1lY2FhLTExZTYtOGY4OC0zNDM2M2JjN2M0YzAiOnsiY3JlYXRlIjo1NDAwMDAwMDAwMDAwLCJkZWxldGUiOjU0MDAwMDAwMDAwMDAsInJlYWQiOjMwMDAwMDAwMDAwMCwidXBkYXRlIjo1NDAwMDAwMDAwMDAwfX0="
        }
      ]
    }
  ],
  "check_results": null
}
