{
  "version": 4,
  "terraform_version": "1.12.0",
  "serial": 1,
  "lineage": "f2bca83f-a17b-21b3-2a33-711c41c57e3a",
  "outputs": {},
  "resources": [
    {
      "mode": "managed",
      "type": "github_repository",
      "name": "demo_repo",
      "provider": "provider[\"registry.terraform.io/hashicorp/github\"]",
      "instances": [
        {
          "schema_version": 1,
          "attributes": {
            "allow_auto_merge": false,
            "allow_merge_commit": true,
            "allow_rebase_merge": true,
            "allow_squash_merge": true,
            "allow_update_branch": false,
            "archive_on_destroy": null,
            "archived": false,
            "auto_init": false,
            "default_branch": "main",
            "delete_branch_on_merge": false,
            "description": "This repo is managed by Terraform",
            "etag": "W/\"b525569d8fb682930c72d3aa85042d9db7abf7c792bf42de3a121d37e3e34a17\"",
            "full_name": "erichongrac/terraform-managed-repo",
            "git_clone_url": "git://github.com/erichongrac/terraform-managed-repo.git",
            "gitignore_template": null,
            "has_discussions": false,
            "has_downloads": false,
            "has_issues": false,
            "has_projects": false,
            "has_wiki": false,
            "homepage_url": "",
            "html_url": "https://github.com/erichongrac/terraform-managed-repo",
            "http_clone_url": "https://github.com/erichongrac/terraform-managed-repo.git",
            "id": "terraform-managed-repo",
            "ignore_vulnerability_alerts_during_read": null,
            "is_template": false,
            "license_template": null,
            "merge_commit_message": "PR_TITLE",
            "merge_commit_title": "MERGE_MESSAGE",
            "name": "terraform-managed-repo",
            "node_id": "R_kgDOOrNKgA",
            "pages": [],
            "primary_language": "",
            "private": true,
            "repo_id": 984828544,
            "security_and_analysis": [],
            "squash_merge_commit_message": "COMMIT_MESSAGES",
            "squash_merge_commit_title": "COMMIT_OR_PR_TITLE",
            "ssh_clone_url": "git@github.com:erichongrac/terraform-managed-repo.git",
            "svn_url": "https://github.com/erichongrac/terraform-managed-repo",
            "template": [],
            "topics": [],
            "visibility": "private",
            "vulnerability_alerts": false,
            "web_commit_signoff_required": false
          },
          "sensitive_attributes": [],
          "identity_schema_version": 0,
          "private": "eyJzY2hlbWFfdmVyc2lvbiI6IjEifQ=="
        }
      ]
    }
  ],
  "check_results": null
}
